
Microsoft Visual Studio Solution File, Format Version 12.00
# Visual Studio Version 17
VisualStudioVersion = 17.3.32922.545
MinimumVisualStudioVersion = 10.0.40219.1
Project("{9A19103F-16F7-4668-BE54-9A1E7A4F7556}") = "TempService", "TestAssignment\TempService.csproj", "{16FABF7D-E8CA-4BDD-9C64-7FA1B0F83568}"
EndProject
Project("{FAE04EC0-301F-11D3-BF4B-00C04F79EFBC}") = "TempSeviceXunit.Tests", "TempSeviceXunit.Tests\TempSeviceXunit.Tests.csproj", "{712D8599-A4BB-476B-9ABA-3EC55B575FF5}"
EndProject
Project("{FAE04EC0-301F-11D3-BF4B-00C04F79EFBC}") = "TempService.Tests", "TempService.Tests\TempService.Tests.csproj", "{7C12EAB2-6B0F-4D1B-9489-0719E3A830A8}"
EndProject
Global
	GlobalSection(SolutionConfigurationPlatforms) = preSolution
		Debug|Any CPU = Debug|Any CPU
		Release|Any CPU = Release|Any CPU
	EndGlobalSection
	GlobalSection(ProjectConfigurationPlatforms) = postSolution
		{16FABF7D-E8CA-4BDD-9C64-7FA1B0F83568}.Debug|Any CPU.ActiveCfg = Debug|Any CPU
		{16FABF7D-E8CA-4BDD-9C64-7FA1B0F83568}.Debug|Any CPU.Build.0 = Debug|Any CPU
		{16FABF7D-E8CA-4BDD-9C64-7FA1B0F83568}.Release|Any CPU.ActiveCfg = Release|Any CPU
		{16FABF7D-E8CA-4BDD-9C64-7FA1B0F83568}.Release|Any CPU.Build.0 = Release|Any CPU
		{712D8599-A4BB-476B-9ABA-3EC55B575FF5}.Debug|Any CPU.ActiveCfg = Debug|Any CPU
		{712D8599-A4BB-476B-9ABA-3EC55B575FF5}.Debug|Any CPU.Build.0 = Debug|Any CPU
		{712D8599-A4BB-476B-9ABA-3EC55B575FF5}.Release|Any CPU.ActiveCfg = Release|Any CPU
		{712D8599-A4BB-476B-9ABA-3EC55B575FF5}.Release|Any CPU.Build.0 = Release|Any CPU
		{7C12EAB2-6B0F-4D1B-9489-0719E3A830A8}.Debug|Any CPU.ActiveCfg = Debug|Any CPU
		{7C12EAB2-6B0F-4D1B-9489-0719E3A830A8}.Debug|Any CPU.Build.0 = Debug|Any CPU
		{7C12EAB2-6B0F-4D1B-9489-0719E3A830A8}.Release|Any CPU.ActiveCfg = Release|Any CPU
		{7C12EAB2-6B0F-4D1B-9489-0719E3A830A8}.Release|Any CPU.Build.0 = Release|Any CPU
	EndGlobalSection
	GlobalSection(SolutionProperties) = preSolution
		HideSolutionNode = FALSE
	EndGlobalSection
	GlobalSection(ExtensibilityGlobals) = postSolution
		SolutionGuid = {443C9C53-8A73-4381-8EA4-23C262348BAB}
	EndGlobalSection
EndGlobal
